
Microsoft Visual Studio Solution File, Format Version 12.00
# Visual Studio 15
VisualStudioVersion = 15.0.28307.645
MinimumVisualStudioVersion = 10.0.40219.1
Project("{9A19103F-16F7-4668-BE54-9A1E7A4F7556}") = "Tiler", "Tiler\Tiler.csproj", "{EFFEDCF3-AB8F-4FCA-8E4E-C2DCE1A5B14F}"
EndProject
Project("{FAE04EC0-301F-11D3-BF4B-00C04F79EFBC}") = "Tiler.Duality.Editor", "Tiler.Duality.Editor\Tiler.Duality.Editor.csproj", "{90148814-74F5-403D-8D1E-6B6D4F007C75}"
EndProject
Project("{9A19103F-16F7-4668-BE54-9A1E7A4F7556}") = "Tiler.Parser", "Tiler.Parser\Tiler.Parser.csproj", "{DBDC0369-88A0-4DA6-8A95-73AAD99DF9E2}"
EndProject
Project("{FAE04EC0-301F-11D3-BF4B-00C04F79EFBC}") = "Tiler.Parser.Test", "Tiler.Parser.Test\Tiler.Parser.Test.csproj", "{62C24691-4CDE-422E-B47B-56B01E6AB68F}"
EndProject
Global
	GlobalSection(SolutionConfigurationPlatforms) = preSolution
		Debug|Any CPU = Debug|Any CPU
		Release|Any CPU = Release|Any CPU
	EndGlobalSection
	GlobalSection(ProjectConfigurationPlatforms) = postSolution
		{EFFEDCF3-AB8F-4FCA-8E4E-C2DCE1A5B14F}.Debug|Any CPU.ActiveCfg = Debug|Any CPU
		{EFFEDCF3-AB8F-4FCA-8E4E-C2DCE1A5B14F}.Debug|Any CPU.Build.0 = Debug|Any CPU
		{EFFEDCF3-AB8F-4FCA-8E4E-C2DCE1A5B14F}.Release|Any CPU.ActiveCfg = Release|Any CPU
		{EFFEDCF3-AB8F-4FCA-8E4E-C2DCE1A5B14F}.Release|Any CPU.Build.0 = Release|Any CPU
		{90148814-74F5-403D-8D1E-6B6D4F007C75}.Debug|Any CPU.ActiveCfg = Debug|Any CPU
		{90148814-74F5-403D-8D1E-6B6D4F007C75}.Debug|Any CPU.Build.0 = Debug|Any CPU
		{90148814-74F5-403D-8D1E-6B6D4F007C75}.Release|Any CPU.ActiveCfg = Release|Any CPU
		{90148814-74F5-403D-8D1E-6B6D4F007C75}.Release|Any CPU.Build.0 = Release|Any CPU
		{DBDC0369-88A0-4DA6-8A95-73AAD99DF9E2}.Debug|Any CPU.ActiveCfg = Debug|Any CPU
		{DBDC0369-88A0-4DA6-8A95-73AAD99DF9E2}.Debug|Any CPU.Build.0 = Debug|Any CPU
		{DBDC0369-88A0-4DA6-8A95-73AAD99DF9E2}.Release|Any CPU.ActiveCfg = Release|Any CPU
		{DBDC0369-88A0-4DA6-8A95-73AAD99DF9E2}.Release|Any CPU.Build.0 = Release|Any CPU
		{62C24691-4CDE-422E-B47B-56B01E6AB68F}.Debug|Any CPU.ActiveCfg = Debug|Any CPU
		{62C24691-4CDE-422E-B47B-56B01E6AB68F}.Debug|Any CPU.Build.0 = Debug|Any CPU
		{62C24691-4CDE-422E-B47B-56B01E6AB68F}.Release|Any CPU.ActiveCfg = Release|Any CPU
		{62C24691-4CDE-422E-B47B-56B01E6AB68F}.Release|Any CPU.Build.0 = Release|Any CPU
	EndGlobalSection
	GlobalSection(SolutionProperties) = preSolution
		HideSolutionNode = FALSE
	EndGlobalSection
	GlobalSection(ExtensibilityGlobals) = postSolution
		SolutionGuid = {960AEAA8-7111-4A45-8C50-1FB42DE5B9A7}
	EndGlobalSection
EndGlobal
